// !$*UTF8*$!
{
	archiveVersion = 1;
	classes = {
	};
	objectVersion = 48;
	objects = {

/* Begin PBXBuildFile section */
		6411D75F1FC56F6E00634D6D /* AppDelegate.swift in Sources */ = {isa = PBXBuildFile; fileRef = 6411D75E1FC56F6E00634D6D /* AppDelegate.swift */; };
		6411D7611FC56F6E00634D6D /* ViewController.swift in Sources */ = {isa = PBXBuildFile; fileRef = 6411D7601FC56F6E00634D6D /* ViewController.swift */; };
		6411D7641FC56F6E00634D6D /* Main.storyboard in Resources */ = {isa = PBXBuildFile; fileRef = 6411D7621FC56F6E00634D6D /* Main.storyboard */; };
		6411D7671FC56F6E00634D6D /* WeatherApp.xcdatamodeld in Sources */ = {isa = PBXBuildFile; fileRef = 6411D7651FC56F6E00634D6D /* WeatherApp.xcdatamodeld */; };
		6411D7691FC56F6E00634D6D /* Assets.xcassets in Resources */ = {isa = PBXBuildFile; fileRef = 6411D7681FC56F6E00634D6D /* Assets.xcassets */; };
		6411D76C1FC56F6E00634D6D /* LaunchScreen.storyboard in Resources */ = {isa = PBXBuildFile; fileRef = 6411D76A1FC56F6E00634D6D /* LaunchScreen.storyboard */; };
		6411D7781FC5705200634D6D /* HTTPClient.swift in Sources */ = {isa = PBXBuildFile; fileRef = 6411D7771FC5705200634D6D /* HTTPClient.swift */; };
		6411D77A1FC5717900634D6D /* Forecast.swift in Sources */ = {isa = PBXBuildFile; fileRef = 6411D7791FC5717900634D6D /* Forecast.swift */; };
		6411D77C1FC5771500634D6D /* HourlyForecast.swift in Sources */ = {isa = PBXBuildFile; fileRef = 6411D77B1FC5771500634D6D /* HourlyForecast.swift */; };
		6411D7821FC5878100634D6D /* WeatherData.swift in Sources */ = {isa = PBXBuildFile; fileRef = 6411D7811FC5878100634D6D /* WeatherData.swift */; };
		6411D7841FC5905500634D6D /* ForecastView.swift in Sources */ = {isa = PBXBuildFile; fileRef = 6411D7831FC5905500634D6D /* ForecastView.swift */; };
		644C8A9C1FCD95B000AC710D /* DailyForecastTableViewCell.swift in Sources */ = {isa = PBXBuildFile; fileRef = 644C8A9B1FCD95B000AC710D /* DailyForecastTableViewCell.swift */; };
		64720C351FCEF69000065689 /* Date.swift in Sources */ = {isa = PBXBuildFile; fileRef = 64720C341FCEF69000065689 /* Date.swift */; };
		64720C371FCEFE9D00065689 /* DetailViewController.swift in Sources */ = {isa = PBXBuildFile; fileRef = 64720C361FCEFE9D00065689 /* DetailViewController.swift */; };
		64720C391FCF16EC00065689 /* Dictionary.swift in Sources */ = {isa = PBXBuildFile; fileRef = 64720C381FCF16EC00065689 /* Dictionary.swift */; };
		649D1C371FC5ADDA00E25D9D /* HorizontalScrollerView.swift in Sources */ = {isa = PBXBuildFile; fileRef = 649D1C361FC5ADDA00E25D9D /* HorizontalScrollerView.swift */; };
		649D1C391FC5AF6000E25D9D /* WeatherAppAPI.swift in Sources */ = {isa = PBXBuildFile; fileRef = 649D1C381FC5AF6000E25D9D /* WeatherAppAPI.swift */; };
		649D1C3C1FC5B98000E25D9D /* NotificationExtension.swift in Sources */ = {isa = PBXBuildFile; fileRef = 649D1C3B1FC5B98000E25D9D /* NotificationExtension.swift */; };
		649D1C3E1FC5C52B00E25D9D /* DailyForecast.swift in Sources */ = {isa = PBXBuildFile; fileRef = 649D1C3D1FC5C52B00E25D9D /* DailyForecast.swift */; };
		64C7C87B1FC8660C002552EE /* ParticleView.swift in Sources */ = {isa = PBXBuildFile; fileRef = 64C7C87A1FC8660C002552EE /* ParticleView.swift */; };
		64C7C87D1FC86C7E002552EE /* BackgroundView.swift in Sources */ = {isa = PBXBuildFile; fileRef = 64C7C87C1FC86C7E002552EE /* BackgroundView.swift */; };
		64F282C91FCEC9CE00251F64 /* ForecastData.swift in Sources */ = {isa = PBXBuildFile; fileRef = 64F282C81FCEC9CE00251F64 /* ForecastData.swift */; };
		64F3D73D1FD04DB0000A437B /* PersistencyManager.swift in Sources */ = {isa = PBXBuildFile; fileRef = 64F3D73C1FD04DB0000A437B /* PersistencyManager.swift */; };
/* End PBXBuildFile section */

/* Begin PBXFileReference section */
		6411D75B1FC56F6E00634D6D /* WeatherApp.app */ = {isa = PBXFileReference; explicitFileType = wrapper.application; includeInIndex = 0; path = WeatherApp.app; sourceTree = BUILT_PRODUCTS_DIR; };
		6411D75E1FC56F6E00634D6D /* AppDelegate.swift */ = {isa = PBXFileReference; lastKnownFileType = sourcecode.swift; path = AppDelegate.swift; sourceTree = "<group>"; };
		6411D7601FC56F6E00634D6D /* ViewController.swift */ = {isa = PBXFileReference; lastKnownFileType = sourcecode.swift; path = ViewController.swift; sourceTree = "<group>"; };
		6411D7631FC56F6E00634D6D /* Base */ = {isa = PBXFileReference; lastKnownFileType = file.storyboard; name = Base; path = Base.lproj/Main.storyboard; sourceTree = "<group>"; };
		6411D7661FC56F6E00634D6D /* WeatherApp.xcdatamodel */ = {isa = PBXFileReference; lastKnownFileType = wrapper.xcdatamodel; path = WeatherApp.xcdatamodel; sourceTree = "<group>"; };
		6411D7681FC56F6E00634D6D /* Assets.xcassets */ = {isa = PBXFileReference; lastKnownFileType = folder.assetcatalog; path = Assets.xcassets; sourceTree = "<group>"; };
		6411D76B1FC56F6E00634D6D /* Base */ = {isa = PBXFileReference; lastKnownFileType = file.storyboard; name = Base; path = Base.lproj/LaunchScreen.storyboard; sourceTree = "<group>"; };
		6411D76D1FC56F6E00634D6D /* Info.plist */ = {isa = PBXFileReference; lastKnownFileType = text.plist.xml; path = Info.plist; sourceTree = "<group>"; };
		6411D7771FC5705200634D6D /* HTTPClient.swift */ = {isa = PBXFileReference; lastKnownFileType = sourcecode.swift; path = HTTPClient.swift; sourceTree = "<group>"; };
		6411D7791FC5717900634D6D /* Forecast.swift */ = {isa = PBXFileReference; lastKnownFileType = sourcecode.swift; path = Forecast.swift; sourceTree = "<group>"; };
		6411D77B1FC5771500634D6D /* HourlyForecast.swift */ = {isa = PBXFileReference; lastKnownFileType = sourcecode.swift; path = HourlyForecast.swift; sourceTree = "<group>"; };
		6411D7811FC5878100634D6D /* WeatherData.swift */ = {isa = PBXFileReference; lastKnownFileType = sourcecode.swift; path = WeatherData.swift; sourceTree = "<group>"; };
		6411D7831FC5905500634D6D /* ForecastView.swift */ = {isa = PBXFileReference; lastKnownFileType = sourcecode.swift; path = ForecastView.swift; sourceTree = "<group>"; };
		644C8A9B1FCD95B000AC710D /* DailyForecastTableViewCell.swift */ = {isa = PBXFileReference; lastKnownFileType = sourcecode.swift; path = DailyForecastTableViewCell.swift; sourceTree = "<group>"; };
		64720C341FCEF69000065689 /* Date.swift */ = {isa = PBXFileReference; lastKnownFileType = sourcecode.swift; path = Date.swift; sourceTree = "<group>"; };
		64720C361FCEFE9D00065689 /* DetailViewController.swift */ = {isa = PBXFileReference; lastKnownFileType = sourcecode.swift; path = DetailViewController.swift; sourceTree = "<group>"; };
		64720C381FCF16EC00065689 /* Dictionary.swift */ = {isa = PBXFileReference; lastKnownFileType = sourcecode.swift; path = Dictionary.swift; sourceTree = "<group>"; };
		649D1C361FC5ADDA00E25D9D /* HorizontalScrollerView.swift */ = {isa = PBXFileReference; lastKnownFileType = sourcecode.swift; path = HorizontalScrollerView.swift; sourceTree = "<group>"; };
		649D1C381FC5AF6000E25D9D /* WeatherAppAPI.swift */ = {isa = PBXFileReference; lastKnownFileType = sourcecode.swift; path = WeatherAppAPI.swift; sourceTree = "<group>"; };
		649D1C3B1FC5B98000E25D9D /* NotificationExtension.swift */ = {isa = PBXFileReference; lastKnownFileType = sourcecode.swift; path = NotificationExtension.swift; sourceTree = "<group>"; };
		649D1C3D1FC5C52B00E25D9D /* DailyForecast.swift */ = {isa = PBXFileReference; lastKnownFileType = sourcecode.swift; path = DailyForecast.swift; sourceTree = "<group>"; };
		64C7C87A1FC8660C002552EE /* ParticleView.swift */ = {isa = PBXFileReference; lastKnownFileType = sourcecode.swift; path = ParticleView.swift; sourceTree = "<group>"; };
		64C7C87C1FC86C7E002552EE /* BackgroundView.swift */ = {isa = PBXFileReference; lastKnownFileType = sourcecode.swift; path = BackgroundView.swift; sourceTree = "<group>"; };
		64F282C81FCEC9CE00251F64 /* ForecastData.swift */ = {isa = PBXFileReference; lastKnownFileType = sourcecode.swift; path = ForecastData.swift; sourceTree = "<group>"; };
		64F3D73C1FD04DB0000A437B /* PersistencyManager.swift */ = {isa = PBXFileReference; lastKnownFileType = sourcecode.swift; path = PersistencyManager.swift; sourceTree = "<group>"; };
/* End PBXFileReference section */

/* Begin PBXFrameworksBuildPhase section */
		6411D7581FC56F6E00634D6D /* Frameworks */ = {
			isa = PBXFrameworksBuildPhase;
			buildActionMask = 2147483647;
			files = (
			);
			runOnlyForDeploymentPostprocessing = 0;
		};
/* End PBXFrameworksBuildPhase section */

/* Begin PBXGroup section */
		6411D7521FC56F6E00634D6D = {
			isa = PBXGroup;
			children = (
				649D1C3A1FC5B96A00E25D9D /* Extension */,
				6411D7761FC56FAF00634D6D /* Controller */,
				6411D7751FC56FA900634D6D /* Model */,
				6411D7741FC56FA100634D6D /* View */,
				6411D7731FC56F9400634D6D /* API */,
				6411D75D1FC56F6E00634D6D /* WeatherApp */,
				6411D75C1FC56F6E00634D6D /* Products */,
			);
			sourceTree = "<group>";
		};
		6411D75C1FC56F6E00634D6D /* Products */ = {
			isa = PBXGroup;
			children = (
				6411D75B1FC56F6E00634D6D /* WeatherApp.app */,
			);
			name = Products;
			sourceTree = "<group>";
		};
		6411D75D1FC56F6E00634D6D /* WeatherApp */ = {
			isa = PBXGroup;
			children = (
				6411D75E1FC56F6E00634D6D /* AppDelegate.swift */,
				6411D7621FC56F6E00634D6D /* Main.storyboard */,
				6411D7681FC56F6E00634D6D /* Assets.xcassets */,
				6411D76A1FC56F6E00634D6D /* LaunchScreen.storyboard */,
				6411D76D1FC56F6E00634D6D /* Info.plist */,
				6411D7651FC56F6E00634D6D /* WeatherApp.xcdatamodeld */,
			);
			path = WeatherApp;
			sourceTree = "<group>";
		};
		6411D7731FC56F9400634D6D /* API */ = {
			isa = PBXGroup;
			children = (
				6411D7771FC5705200634D6D /* HTTPClient.swift */,
				649D1C381FC5AF6000E25D9D /* WeatherAppAPI.swift */,
				64F3D73C1FD04DB0000A437B /* PersistencyManager.swift */,
			);
			path = API;
			sourceTree = "<group>";
		};
		6411D7741FC56FA100634D6D /* View */ = {
			isa = PBXGroup;
			children = (
				6411D7831FC5905500634D6D /* ForecastView.swift */,
				649D1C361FC5ADDA00E25D9D /* HorizontalScrollerView.swift */,
				64C7C87A1FC8660C002552EE /* ParticleView.swift */,
				64C7C87C1FC86C7E002552EE /* BackgroundView.swift */,
				644C8A9B1FCD95B000AC710D /* DailyForecastTableViewCell.swift */,
			);
			path = View;
			sourceTree = "<group>";
		};
		6411D7751FC56FA900634D6D /* Model */ = {
			isa = PBXGroup;
			children = (
				6411D7791FC5717900634D6D /* Forecast.swift */,
				6411D77B1FC5771500634D6D /* HourlyForecast.swift */,
				6411D7811FC5878100634D6D /* WeatherData.swift */,
				649D1C3D1FC5C52B00E25D9D /* DailyForecast.swift */,
				64F282C81FCEC9CE00251F64 /* ForecastData.swift */,
			);
			path = Model;
			sourceTree = "<group>";
		};
		6411D7761FC56FAF00634D6D /* Controller */ = {
			isa = PBXGroup;
			children = (
				6411D7601FC56F6E00634D6D /* ViewController.swift */,
				64720C361FCEFE9D00065689 /* DetailViewController.swift */,
			);
			path = Controller;
			sourceTree = "<group>";
		};
		649D1C3A1FC5B96A00E25D9D /* Extension */ = {
			isa = PBXGroup;
			children = (
				649D1C3B1FC5B98000E25D9D /* NotificationExtension.swift */,
				64720C341FCEF69000065689 /* Date.swift */,
				64720C381FCF16EC00065689 /* Dictionary.swift */,
			);
			path = Extension;
			sourceTree = "<group>";
		};
/* End PBXGroup section */

/* Begin PBXNativeTarget section */
		6411D75A1FC56F6E00634D6D /* WeatherApp */ = {
			isa = PBXNativeTarget;
			buildConfigurationList = 6411D7701FC56F6E00634D6D /* Build configuration list for PBXNativeTarget "WeatherApp" */;
			buildPhases = (
				6411D7571FC56F6E00634D6D /* Sources */,
				6411D7581FC56F6E00634D6D /* Frameworks */,
				6411D7591FC56F6E00634D6D /* Resources */,
			);
			buildRules = (
			);
			dependencies = (
			);
			name = WeatherApp;
			productName = WeatherApp;
			productReference = 6411D75B1FC56F6E00634D6D /* WeatherApp.app */;
			productType = "com.apple.product-type.application";
		};
/* End PBXNativeTarget section */

/* Begin PBXProject section */
		6411D7531FC56F6E00634D6D /* Project object */ = {
			isa = PBXProject;
			attributes = {
				LastSwiftUpdateCheck = 0910;
				LastUpgradeCheck = 0910;
				ORGANIZATIONNAME = "Axel CAROTINE";
				TargetAttributes = {
					6411D75A1FC56F6E00634D6D = {
						CreatedOnToolsVersion = 9.1;
						ProvisioningStyle = Automatic;
					};
				};
			};
			buildConfigurationList = 6411D7561FC56F6E00634D6D /* Build configuration list for PBXProject "WeatherApp" */;
			compatibilityVersion = "Xcode 8.0";
			developmentRegion = en;
			hasScannedForEncodings = 0;
			knownRegions = (
				en,
				Base,
			);
			mainGroup = 6411D7521FC56F6E00634D6D;
			productRefGroup = 6411D75C1FC56F6E00634D6D /* Products */;
			projectDirPath = "";
			projectRoot = "";
			targets = (
				6411D75A1FC56F6E00634D6D /* WeatherApp */,
			);
		};
/* End PBXProject section */

/* Begin PBXResourcesBuildPhase section */
		6411D7591FC56F6E00634D6D /* Resources */ = {
			isa = PBXResourcesBuildPhase;
			buildActionMask = 2147483647;
			files = (
				6411D76C1FC56F6E00634D6D /* LaunchScreen.storyboard in Resources */,
				6411D7691FC56F6E00634D6D /* Assets.xcassets in Resources */,
				6411D7641FC56F6E00634D6D /* Main.storyboard in Resources */,
			);
			runOnlyForDeploymentPostprocessing = 0;
		};
/* End PBXResourcesBuildPhase section */

/* Begin PBXSourcesBuildPhase section */
		6411D7571FC56F6E00634D6D /* Sources */ = {
			isa = PBXSourcesBuildPhase;
			buildActionMask = 2147483647;
			files = (
				6411D7671FC56F6E00634D6D /* WeatherApp.xcdatamodeld in Sources */,
				64C7C87B1FC8660C002552EE /* ParticleView.swift in Sources */,
				64720C391FCF16EC00065689 /* Dictionary.swift in Sources */,
				649D1C3C1FC5B98000E25D9D /* NotificationExtension.swift in Sources */,
				6411D7611FC56F6E00634D6D /* ViewController.swift in Sources */,
				649D1C371FC5ADDA00E25D9D /* HorizontalScrollerView.swift in Sources */,
				6411D7781FC5705200634D6D /* HTTPClient.swift in Sources */,
				64720C351FCEF69000065689 /* Date.swift in Sources */,
				6411D77C1FC5771500634D6D /* HourlyForecast.swift in Sources */,
				6411D75F1FC56F6E00634D6D /* AppDelegate.swift in Sources */,
				64720C371FCEFE9D00065689 /* DetailViewController.swift in Sources */,
				6411D7821FC5878100634D6D /* WeatherData.swift in Sources */,
				649D1C3E1FC5C52B00E25D9D /* DailyForecast.swift in Sources */,
				64C7C87D1FC86C7E002552EE /* BackgroundView.swift in Sources */,
				644C8A9C1FCD95B000AC710D /* DailyForecastTableViewCell.swift in Sources */,
				64F3D73D1FD04DB0000A437B /* PersistencyManager.swift in Sources */,
				6411D77A1FC5717900634D6D /* Forecast.swift in Sources */,
				6411D7841FC5905500634D6D /* ForecastView.swift in Sources */,
				64F282C91FCEC9CE00251F64 /* ForecastData.swift in Sources */,
				649D1C391FC5AF6000E25D9D /* WeatherAppAPI.swift in Sources */,
			);
			runOnlyForDeploymentPostprocessing = 0;
		};
/* End PBXSourcesBuildPhase section */

/* Begin PBXVariantGroup section */
		6411D7621FC56F6E00634D6D /* Main.storyboard */ = {
			isa = PBXVariantGroup;
			children = (
				6411D7631FC56F6E00634D6D /* Base */,
			);
			name = Main.storyboard;
			sourceTree = "<group>";
		};
		6411D76A1FC56F6E00634D6D /* LaunchScreen.storyboard */ = {
			isa = PBXVariantGroup;
			children = (
				6411D76B1FC56F6E00634D6D /* Base */,
			);
			name = LaunchScreen.storyboard;
			sourceTree = "<group>";
		};
/* End PBXVariantGroup section */

/* Begin XCBuildConfiguration section */
		6411D76E1FC56F6E00634D6D /* Debug */ = {
			isa = XCBuildConfiguration;
			buildSettings = {
				ALWAYS_SEARCH_USER_PATHS = NO;
				CLANG_ANALYZER_NONNULL = YES;
				CLANG_ANALYZER_NUMBER_OBJECT_CONVERSION = YES_AGGRESSIVE;
				CLANG_CXX_LANGUAGE_STANDARD = "gnu++14";
				CLANG_CXX_LIBRARY = "libc++";
				CLANG_ENABLE_MODULES = YES;
				CLANG_ENABLE_OBJC_ARC = YES;
				CLANG_WARN_BLOCK_CAPTURE_AUTORELEASING = YES;
				CLANG_WARN_BOOL_CONVERSION = YES;
				CLANG_WARN_COMMA = YES;
				CLANG_WARN_CONSTANT_CONVERSION = YES;
				CLANG_WARN_DIRECT_OBJC_ISA_USAGE = YES_ERROR;
				CLANG_WARN_DOCUMENTATION_COMMENTS = YES;
				CLANG_WARN_EMPTY_BODY = YES;
				CLANG_WARN_ENUM_CONVERSION = YES;
				CLANG_WARN_INFINITE_RECURSION = YES;
				CLANG_WARN_INT_CONVERSION = YES;
				CLANG_WARN_NON_LITERAL_NULL_CONVERSION = YES;
				CLANG_WARN_OBJC_LITERAL_CONVERSION = YES;
				CLANG_WARN_OBJC_ROOT_CLASS = YES_ERROR;
				CLANG_WARN_RANGE_LOOP_ANALYSIS = YES;
				CLANG_WARN_STRICT_PROTOTYPES = YES;
				CLANG_WARN_SUSPICIOUS_MOVE = YES;
				CLANG_WARN_UNGUARDED_AVAILABILITY = YES_AGGRESSIVE;
				CLANG_WARN_UNREACHABLE_CODE = YES;
				CLANG_WARN__DUPLICATE_METHOD_MATCH = YES;
				CODE_SIGN_IDENTITY = "iPhone Developer";
				COPY_PHASE_STRIP = NO;
				DEBUG_INFORMATION_FORMAT = dwarf;
				ENABLE_STRICT_OBJC_MSGSEND = YES;
				ENABLE_TESTABILITY = YES;
				GCC_C_LANGUAGE_STANDARD = gnu11;
				GCC_DYNAMIC_NO_PIC = NO;
				GCC_NO_COMMON_BLOCKS = YES;
				GCC_OPTIMIZATION_LEVEL = 0;
				GCC_PREPROCESSOR_DEFINITIONS = (
					"DEBUG=1",
					"$(inherited)",
				);
				GCC_WARN_64_TO_32_BIT_CONVERSION = YES;
				GCC_WARN_ABOUT_RETURN_TYPE = YES_ERROR;
				GCC_WARN_UNDECLARED_SELECTOR = YES;
				GCC_WARN_UNINITIALIZED_AUTOS = YES_AGGRESSIVE;
				GCC_WARN_UNUSED_FUNCTION = YES;
				GCC_WARN_UNUSED_VARIABLE = YES;
				IPHONEOS_DEPLOYMENT_TARGET = 11.1;
				MTL_ENABLE_DEBUG_INFO = YES;
				ONLY_ACTIVE_ARCH = YES;
				SDKROOT = iphoneos;
				SWIFT_ACTIVE_COMPILATION_CONDITIONS = DEBUG;
				SWIFT_OPTIMIZATION_LEVEL = "-Onone";
			};
			name = Debug;
		};
		6411D76F1FC56F6E00634D6D /* Release */ = {
			isa = XCBuildConfiguration;
			buildSettings = {
				ALWAYS_SEARCH_USER_PATHS = NO;
				CLANG_ANALYZER_NONNULL = YES;
				CLANG_ANALYZER_NUMBER_OBJECT_CONVERSION = YES_AGGRESSIVE;
				CLANG_CXX_LANGUAGE_STANDARD = "gnu++14";
				CLANG_CXX_LIBRARY = "libc++";
				CLANG_ENABLE_MODULES = YES;
				CLANG_ENABLE_OBJC_ARC = YES;
				CLANG_WARN_BLOCK_CAPTURE_AUTORELEASING = YES;
				CLANG_WARN_BOOL_CONVERSION = YES;
				CLANG_WARN_COMMA = YES;
				CLANG_WARN_CONSTANT_CONVERSION = YES;
				CLANG_WARN_DIRECT_OBJC_ISA_USAGE = YES_ERROR;
				CLANG_WARN_DOCUMENTATION_COMMENTS = YES;
				CLANG_WARN_EMPTY_BODY = YES;
				CLANG_WARN_ENUM_CONVERSION = YES;
				CLANG_WARN_INFINITE_RECURSION = YES;
				CLANG_WARN_INT_CONVERSION = YES;
				CLANG_WARN_NON_LITERAL_NULL_CONVERSION = YES;
				CLANG_WARN_OBJC_LITERAL_CONVERSION = YES;
				CLANG_WARN_OBJC_ROOT_CLASS = YES_ERROR;
				CLANG_WARN_RANGE_LOOP_ANALYSIS = YES;
				CLANG_WARN_STRICT_PROTOTYPES = YES;
				CLANG_WARN_SUSPICIOUS_MOVE = YES;
				CLANG_WARN_UNGUARDED_AVAILABILITY = YES_AGGRESSIVE;
				CLANG_WARN_UNREACHABLE_CODE = YES;
				CLANG_WARN__DUPLICATE_METHOD_MATCH = YES;
				CODE_SIGN_IDENTITY = "iPhone Developer";
				COPY_PHASE_STRIP = NO;
				DEBUG_INFORMATION_FORMAT = "dwarf-with-dsym";
				ENABLE_NS_ASSERTIONS = NO;
				ENABLE_STRICT_OBJC_MSGSEND = YES;
				GCC_C_LANGUAGE_STANDARD = gnu11;
				GCC_NO_COMMON_BLOCKS = YES;
				GCC_WARN_64_TO_32_BIT_CONVERSION = YES;
				GCC_WARN_ABOUT_RETURN_TYPE = YES_ERROR;
				GCC_WARN_UNDECLARED_SELECTOR = YES;
				GCC_WARN_UNINITIALIZED_AUTOS = YES_AGGRESSIVE;
				GCC_WARN_UNUSED_FUNCTION = YES;
				GCC_WARN_UNUSED_VARIABLE = YES;
				IPHONEOS_DEPLOYMENT_TARGET = 11.1;
				MTL_ENABLE_DEBUG_INFO = NO;
				SDKROOT = iphoneos;
				SWIFT_OPTIMIZATION_LEVEL = "-Owholemodule";
				VALIDATE_PRODUCT = YES;
			};
			name = Release;
		};
		6411D7711FC56F6E00634D6D /* Debug */ = {
			isa = XCBuildConfiguration;
			buildSettings = {
				ASSETCATALOG_COMPILER_APPICON_NAME = AppIcon;
				CODE_SIGN_STYLE = Automatic;
				DEVELOPMENT_TEAM = XS8F3RNZ2C;
				INFOPLIST_FILE = WeatherApp/Info.plist;
				LD_RUNPATH_SEARCH_PATHS = "$(inherited) @executable_path/Frameworks";
				PRODUCT_BUNDLE_IDENTIFIER = com.acarotin.WeatherApp;
				PRODUCT_NAME = "$(TARGET_NAME)";
				SWIFT_VERSION = 4.0;
				TARGETED_DEVICE_FAMILY = "1,2";
			};
			name = Debug;
		};
		6411D7721FC56F6E00634D6D /* Release */ = {
			isa = XCBuildConfiguration;
			buildSettings = {
				ASSETCATALOG_COMPILER_APPICON_NAME = AppIcon;
				CODE_SIGN_STYLE = Automatic;
				DEVELOPMENT_TEAM = XS8F3RNZ2C;
				INFOPLIST_FILE = WeatherApp/Info.plist;
				LD_RUNPATH_SEARCH_PATHS = "$(inherited) @executable_path/Frameworks";
				PRODUCT_BUNDLE_IDENTIFIER = com.acarotin.WeatherApp;
				PRODUCT_NAME = "$(TARGET_NAME)";
				SWIFT_VERSION = 4.0;
				TARGETED_DEVICE_FAMILY = "1,2";
			};
			name = Release;
		};
/* End XCBuildConfiguration section */

/* Begin XCConfigurationList section */
		6411D7561FC56F6E00634D6D /* Build configuration list for PBXProject "WeatherApp" */ = {
			isa = XCConfigurationList;
			buildConfigurations = (
				6411D76E1FC56F6E00634D6D /* Debug */,
				6411D76F1FC56F6E00634D6D /* Release */,
			);
			defaultConfigurationIsVisible = 0;
			defaultConfigurationName = Release;
		};
		6411D7701FC56F6E00634D6D /* Build configuration list for PBXNativeTarget "WeatherApp" */ = {
			isa = XCConfigurationList;
			buildConfigurations = (
				6411D7711FC56F6E00634D6D /* Debug */,
				6411D7721FC56F6E00634D6D /* Release */,
			);
			defaultConfigurationIsVisible = 0;
			defaultConfigurationName = Release;
		};
/* End XCConfigurationList section */

/* Begin XCVersionGroup section */
		6411D7651FC56F6E00634D6D /* WeatherApp.xcdatamodeld */ = {
			isa = XCVersionGroup;
			children = (
				6411D7661FC56F6E00634D6D /* WeatherApp.xcdatamodel */,
			);
			currentVersion = 6411D7661FC56F6E00634D6D /* WeatherApp.xcdatamodel */;
			path = WeatherApp.xcdatamodeld;
			sourceTree = "<group>";
			versionGroupType = wrapper.xcdatamodel;
		};
/* End XCVersionGroup section */
	};
	rootObject = 6411D7531FC56F6E00634D6D /* Project object */;
}
